Microsoft Visual Studio Solution File, Format Version 12.00
# Visual Studio Version 17
VisualStudioVersion = 17.5.2.0
MinimumVisualStudioVersion = 10.0.40219.1
Project("{2150E333-8FDC-42A3-9474-1A3956D46DE8}") = "sandbox", "sandbox", "{3D40F055-384E-DE04-BB81-B7972E166B19}"
EndProject
Project("{FAE04EC0-301F-11D3-BF4B-00C04F79EFBC}") = "Sandbox", "sandbox\Sandbox\Sandbox.csproj", "{F3D6030D-8DB9-6BB6-673E-D9F8A8FED9D3}"
EndProject
Global
	GlobalSection(SolutionConfigurationPlatforms) = preSolution
		Debug|Any CPU = Debug|Any CPU
		Release|Any CPU = Release|Any CPU
	EndGlobalSection
	GlobalSection(ProjectConfigurationPlatforms) = postSolution
		{F3D6030D-8DB9-6BB6-673E-D9F8A8FED9D3}.Debug|Any CPU.ActiveCfg = Debug|Any CPU
		{F3D6030D-8DB9-6BB6-673E-D9F8A8FED9D3}.Debug|Any CPU.Build.0 = Debug|Any CPU
		{F3D6030D-8DB9-6BB6-673E-D9F8A8FED9D3}.Release|Any CPU.ActiveCfg = Release|Any CPU
		{F3D6030D-8DB9-6BB6-673E-D9F8A8FED9D3}.Release|Any CPU.Build.0 = Release|Any CPU
	EndGlobalSection
	GlobalSection(SolutionProperties) = preSolution
		HideSolutionNode = FALSE
	EndGlobalSection
	GlobalSection(NestedProjects) = preSolution
		{F3D6030D-8DB9-6BB6-673E-D9F8A8FED9D3} = {3D40F055-384E-DE04-BB81-B7972E166B19}
	EndGlobalSection
	GlobalSection(ExtensibilityGlobals) = postSolution
		SolutionGuid = {D5E93A77-377B-459D-BD85-659495134B81}
	EndGlobalSection
EndGlobal
